
Microsoft Visual Studio Solution File, Format Version 12.00
# Visual Studio Version 16
VisualStudioVersion = 16.0.30204.135
MinimumVisualStudioVersion = 10.0.40219.1
Project("{8BC9CEB8-8B4A-11D0-8D11-00A0C91BC942}") = "KGL", "KGL\KGL.vcxproj", "{5A79D52F-642A-4ADA-826B-35BDCF43621A}"
EndProject
Project("{2150E333-8FDC-42A3-9474-1A3956D46DE8}") = "EXE_PROJECTS", "EXE_PROJECTS", "{62104E5E-C64A-41AA-B4CF-7AD7F0B5BF0E}"
EndProject
Project("{8BC9CEB8-8B4A-11D0-8D11-00A0C91BC942}") = "Game", "ExecutionProject\Game\Game.vcxproj", "{CF308087-5D79-4FFF-9723-0156B5323744}"
	ProjectSection(ProjectDependencies) = postProject
		{5A79D52F-642A-4ADA-826B-35BDCF43621A} = {5A79D52F-642A-4ADA-826B-35BDCF43621A}
	EndProjectSection
EndProject
Project("{8BC9CEB8-8B4A-11D0-8D11-00A0C91BC942}") = "ImGui", "ImGui\ImGui.vcxproj", "{AA122FDC-E64D-48AE-9A6B-82F43B59EA13}"
EndProject
Project("{8BC9CEB8-8B4A-11D0-8D11-00A0C91BC942}") = "DXR", "ExecutionProject\DXR\DXR.vcxproj", "{430B8ACD-1568-4BD2-A281-15EAEE1C6994}"
	ProjectSection(ProjectDependencies) = postProject
		{5A79D52F-642A-4ADA-826B-35BDCF43621A} = {5A79D52F-642A-4ADA-826B-35BDCF43621A}
		{AA122FDC-E64D-48AE-9A6B-82F43B59EA13} = {AA122FDC-E64D-48AE-9A6B-82F43B59EA13}
	EndProjectSection
EndProject
Project("{8BC9CEB8-8B4A-11D0-8D11-00A0C91BC942}") = "DirectXTexLoader", "DirectXTexLoader\DirectXTexLoader.vcxproj", "{F8EB3F24-783B-4BB0-BDA7-00734B4D8318}"
EndProject
Global
	GlobalSection(SolutionConfigurationPlatforms) = preSolution
		Debug|x64 = Debug|x64
		Debug|x86 = Debug|x86
		Release|x64 = Release|x64
		Release|x86 = Release|x86
	EndGlobalSection
	GlobalSection(ProjectConfigurationPlatforms) = postSolution
		{5A79D52F-642A-4ADA-826B-35BDCF43621A}.Debug|x64.ActiveCfg = Debug|x64
		{5A79D52F-642A-4ADA-826B-35BDCF43621A}.Debug|x64.Build.0 = Debug|x64
		{5A79D52F-642A-4ADA-826B-35BDCF43621A}.Debug|x86.ActiveCfg = Debug|Win32
		{5A79D52F-642A-4ADA-826B-35BDCF43621A}.Debug|x86.Build.0 = Debug|Win32
		{5A79D52F-642A-4ADA-826B-35BDCF43621A}.Release|x64.ActiveCfg = Release|x64
		{5A79D52F-642A-4ADA-826B-35BDCF43621A}.Release|x64.Build.0 = Release|x64
		{5A79D52F-642A-4ADA-826B-35BDCF43621A}.Release|x86.ActiveCfg = Release|Win32
		{5A79D52F-642A-4ADA-826B-35BDCF43621A}.Release|x86.Build.0 = Release|Win32
		{CF308087-5D79-4FFF-9723-0156B5323744}.Debug|x64.ActiveCfg = Debug|x64
		{CF308087-5D79-4FFF-9723-0156B5323744}.Debug|x64.Build.0 = Debug|x64
		{CF308087-5D79-4FFF-9723-0156B5323744}.Debug|x86.ActiveCfg = Debug|Win32
		{CF308087-5D79-4FFF-9723-0156B5323744}.Debug|x86.Build.0 = Debug|Win32
		{CF308087-5D79-4FFF-9723-0156B5323744}.Release|x64.ActiveCfg = Release|x64
		{CF308087-5D79-4FFF-9723-0156B5323744}.Release|x64.Build.0 = Release|x64
		{CF308087-5D79-4FFF-9723-0156B5323744}.Release|x86.ActiveCfg = Release|Win32
		{CF308087-5D79-4FFF-9723-0156B5323744}.Release|x86.Build.0 = Release|Win32
		{AA122FDC-E64D-48AE-9A6B-82F43B59EA13}.Debug|x64.ActiveCfg = Debug|x64
		{AA122FDC-E64D-48AE-9A6B-82F43B59EA13}.Debug|x64.Build.0 = Debug|x64
		{AA122FDC-E64D-48AE-9A6B-82F43B59EA13}.Debug|x86.ActiveCfg = Debug|Win32
		{AA122FDC-E64D-48AE-9A6B-82F43B59EA13}.Debug|x86.Build.0 = Debug|Win32
		{AA122FDC-E64D-48AE-9A6B-82F43B59EA13}.Release|x64.ActiveCfg = Release|x64
		{AA122FDC-E64D-48AE-9A6B-82F43B59EA13}.Release|x64.Build.0 = Release|x64
		{AA122FDC-E64D-48AE-9A6B-82F43B59EA13}.Release|x86.ActiveCfg = Release|Win32
		{AA122FDC-E64D-48AE-9A6B-82F43B59EA13}.Release|x86.Build.0 = Release|Win32
		{430B8ACD-1568-4BD2-A281-15EAEE1C6994}.Debug|x64.ActiveCfg = Debug|x64
		{430B8ACD-1568-4BD2-A281-15EAEE1C6994}.Debug|x64.Build.0 = Debug|x64
		{430B8ACD-1568-4BD2-A281-15EAEE1C6994}.Debug|x86.ActiveCfg = Debug|Win32
		{430B8ACD-1568-4BD2-A281-15EAEE1C6994}.Debug|x86.Build.0 = Debug|Win32
		{430B8ACD-1568-4BD2-A281-15EAEE1C6994}.Release|x64.ActiveCfg = Release|x64
		{430B8ACD-1568-4BD2-A281-15EAEE1C6994}.Release|x64.Build.0 = Release|x64
		{430B8ACD-1568-4BD2-A281-15EAEE1C6994}.Release|x86.ActiveCfg = Release|Win32
		{430B8ACD-1568-4BD2-A281-15EAEE1C6994}.Release|x86.Build.0 = Release|Win32
		{F8EB3F24-783B-4BB0-BDA7-00734B4D8318}.Debug|x64.ActiveCfg = Debug|x64
		{F8EB3F24-783B-4BB0-BDA7-00734B4D8318}.Debug|x64.Build.0 = Debug|x64
		{F8EB3F24-783B-4BB0-BDA7-00734B4D8318}.Debug|x86.ActiveCfg = Debug|Win32
		{F8EB3F24-783B-4BB0-BDA7-00734B4D8318}.Debug|x86.Build.0 = Debug|Win32
		{F8EB3F24-783B-4BB0-BDA7-00734B4D8318}.Release|x64.ActiveCfg = Release|x64
		{F8EB3F24-783B-4BB0-BDA7-00734B4D8318}.Release|x64.Build.0 = Release|x64
		{F8EB3F24-783B-4BB0-BDA7-00734B4D8318}.Release|x86.ActiveCfg = Release|Win32
		{F8EB3F24-783B-4BB0-BDA7-00734B4D8318}.Release|x86.Build.0 = Release|Win32
	EndGlobalSection
	GlobalSection(SolutionProperties) = preSolution
		HideSolutionNode = FALSE
	EndGlobalSection
	GlobalSection(NestedProjects) = preSolution
		{CF308087-5D79-4FFF-9723-0156B5323744} = {62104E5E-C64A-41AA-B4CF-7AD7F0B5BF0E}
		{430B8ACD-1568-4BD2-A281-15EAEE1C6994} = {62104E5E-C64A-41AA-B4CF-7AD7F0B5BF0E}
	EndGlobalSection
	GlobalSection(ExtensibilityGlobals) = postSolution
		SolutionGuid = {A96E16A1-66ED-4B23-AEA8-D3EDDBA693E5}
	EndGlobalSection
EndGlobal
